{
  "projects": [
    {
      "projectId": "seaQhLVS4bbjiGvJJrRwyL",
      "version": "15.0.3",
      "dependencies": {},
      "lang": "ts",
      "fileLocks": [
        {
          "assetId": "seaQhLVS4bbjiGvJJrRwyL",
          "type": "projectCss",
          "checksum": "dc88471beadb978e51eb3ceb75d10fdb"
        }
      ]
    },
    {
      "projectId": "tskKM7gWsfxPWKdeF2whbc",
      "version": "latest",
      "dependencies": {
        "seaQhLVS4bbjiGvJJrRwyL": "15.0.3"
      },
      "lang": "ts",
      "fileLocks": [
        {
          "type": "globalVariant",
          "assetId": "hV3L_lmmVvrCbl",
          "checksum": "c7b1bbd5ff4d1b1294aefd01de758515"
        },
        {
          "assetId": "tskKM7gWsfxPWKdeF2whbc",
          "type": "projectCss",
          "checksum": "2c80119db998a8bc2a442227f2bd7dc9"
        },
        {
          "type": "renderModule",
          "assetId": "L9QGF6sCVLj5k",
          "checksum": "1be538ec6a248039365dcfa669ca5b04"
        },
        {
          "type": "cssRules",
          "assetId": "L9QGF6sCVLj5k",
          "checksum": "1be538ec6a248039365dcfa669ca5b04"
        },
        {
          "type": "renderModule",
          "assetId": "LEk1Ms6W7FfOq",
          "checksum": "ad508a8412fa71133d4f8e6eba4a578b"
        },
        {
          "type": "cssRules",
          "assetId": "LEk1Ms6W7FfOq",
          "checksum": "ad508a8412fa71133d4f8e6eba4a578b"
        },
        {
          "type": "renderModule",
          "assetId": "D6IBayx2f-xL4",
          "checksum": "3576da25c759ea6def2a10e17cf70fd3"
        },
        {
          "type": "cssRules",
          "assetId": "D6IBayx2f-xL4",
          "checksum": "3576da25c759ea6def2a10e17cf70fd3"
        },
        {
          "type": "renderModule",
          "assetId": "Dm2XEDwRPZegl",
          "checksum": "203c0bca5640d45e6d8b6cea02d2555e"
        },
        {
          "type": "cssRules",
          "assetId": "Dm2XEDwRPZegl",
          "checksum": "203c0bca5640d45e6d8b6cea02d2555e"
        },
        {
          "type": "renderModule",
          "assetId": "icNUD1hnFNqGm5",
          "checksum": "9de2fb9217575730551ec39a7411b791"
        },
        {
          "type": "cssRules",
          "assetId": "icNUD1hnFNqGm5",
          "checksum": "9de2fb9217575730551ec39a7411b791"
        },
        {
          "type": "renderModule",
          "assetId": "F9ktD9kX0Pjhcl",
          "checksum": "080ddffcde523eb916d94c8686b74b6c"
        },
        {
          "type": "cssRules",
          "assetId": "F9ktD9kX0Pjhcl",
          "checksum": "080ddffcde523eb916d94c8686b74b6c"
        },
        {
          "type": "renderModule",
          "assetId": "Ym1I7Az0iYQo_f",
          "checksum": "803f195e0e47073e2fd5b2f69e2ef6d7"
        },
        {
          "type": "cssRules",
          "assetId": "Ym1I7Az0iYQo_f",
          "checksum": "803f195e0e47073e2fd5b2f69e2ef6d7"
        },
        {
          "type": "renderModule",
          "assetId": "2qZpCnf7KfinhI",
          "checksum": "3da5d75b230223a68e77433c7c0abd85"
        },
        {
          "type": "cssRules",
          "assetId": "2qZpCnf7KfinhI",
          "checksum": "3da5d75b230223a68e77433c7c0abd85"
        },
        {
          "type": "renderModule",
          "assetId": "qEjY_mf51k0AtM",
          "checksum": "5b7e999e72f7b47e17cfb005c282225b"
        },
        {
          "type": "cssRules",
          "assetId": "qEjY_mf51k0AtM",
          "checksum": "5b7e999e72f7b47e17cfb005c282225b"
        },
        {
          "type": "renderModule",
          "assetId": "IurJu888QF07I_",
          "checksum": "67928cb1b26d3877ab131ee1c82246f0"
        },
        {
          "type": "cssRules",
          "assetId": "IurJu888QF07I_",
          "checksum": "67928cb1b26d3877ab131ee1c82246f0"
        },
        {
          "type": "renderModule",
          "assetId": "X788gSiuU8KF8X",
          "checksum": "9bf2c61847bd68474029fce097af63e0"
        },
        {
          "type": "cssRules",
          "assetId": "X788gSiuU8KF8X",
          "checksum": "9bf2c61847bd68474029fce097af63e0"
        },
        {
          "type": "icon",
          "assetId": "Z7BZBn2Tszmihq",
          "checksum": "9c7f7346f0004722194aefbbefd8f4c6"
        },
        {
          "type": "icon",
          "assetId": "6ZHqTY8hSQ3dyX",
          "checksum": "bf9ff099b69f292eb4a30e6c935bea3f"
        },
        {
          "type": "icon",
          "assetId": "wOBaunmScMHe9H",
          "checksum": "9ecda76523619af851c6bbcf6702c8b5"
        },
        {
          "type": "icon",
          "assetId": "xhoHc5GVZ2lOSf",
          "checksum": "a665f17e6fd21633ec456264e4bb0ecb"
        },
        {
          "type": "icon",
          "assetId": "iU7k9QJLsaaR7z",
          "checksum": "277d999c6b11219cda78d8455a99a90e"
        },
        {
          "type": "icon",
          "assetId": "GecECMGdQqocgX",
          "checksum": "2ae4ce545d9c8f0f604b4552cadc30c7"
        },
        {
          "type": "icon",
          "assetId": "C8nH9ofOOu1ZJS",
          "checksum": "0f087b20c66a2b3d9811ee68ea023263"
        },
        {
          "type": "icon",
          "assetId": "7amfX2eCaxCTID",
          "checksum": "7ec1ccee503a343ffe2c7aba2327b13b"
        },
        {
          "type": "icon",
          "assetId": "ECxm7L8MRbxhml",
          "checksum": "89c3de0eda63f89aee37135a4a6a12cc"
        },
        {
          "type": "icon",
          "assetId": "ICwmmkPsporW9l",
          "checksum": "96d45597bfcd5589833ee8ff9e1cb9c1"
        },
        {
          "type": "icon",
          "assetId": "2oWFuB5GqrE_4h",
          "checksum": "e9defaa5fbd6ee47b1c7b6501c984a02"
        },
        {
          "type": "icon",
          "assetId": "CbWJs-QFvGUPCG",
          "checksum": "7f61b3f344e3a2e34e199170358fa5e8"
        },
        {
          "type": "icon",
          "assetId": "nla-SDjFZOcPQB",
          "checksum": "02acf2e220fdd964534c6c5f0f2a1589"
        },
        {
          "type": "icon",
          "assetId": "oLc8BBhaT4TMOq",
          "checksum": "1782a520726421e83671a3a34c2d3704"
        },
        {
          "type": "icon",
          "assetId": "euOpDgtAFhyXy_",
          "checksum": "11cab98f210ee811bb6a34a32271ad1b"
        },
        {
          "type": "icon",
          "assetId": "k5OIdLuPxhmI-7",
          "checksum": "64edba3edccae4bd4df8a1b03a2f6062"
        },
        {
          "type": "icon",
          "assetId": "C4t3-cjTiGw7k0",
          "checksum": "e799f853956cc2b9aa194347329316e9"
        },
        {
          "type": "image",
          "assetId": "aGjprBUWpnOfNX",
          "checksum": "cbe23cbf642e83c2043ed04728ee00cb"
        },
        {
          "type": "image",
          "assetId": "mW77JFUGwE1_4f",
          "checksum": "1ca3fc8408f9fde317107dee43a224b5"
        },
        {
          "type": "image",
          "assetId": "bCMDDgUQIzyeEQ",
          "checksum": "a3285bf81f6ff726032af9f63eedc186"
        },
        {
          "type": "image",
          "assetId": "1X1JuBFFo3WSko",
          "checksum": "941c2b910acce1685614136306cb5df7"
        },
        {
          "type": "image",
          "assetId": "WUC-63h7HafTd9",
          "checksum": "ba0799fb786f79b80e033b0028f76287"
        },
        {
          "type": "image",
          "assetId": "_TcwTvjI5z5ldU",
          "checksum": "85d1fb35305fdc8287d8132357366012"
        },
        {
          "type": "image",
          "assetId": "0Blt0WF5iQgEUT",
          "checksum": "014f9c1f694fe0a9a02d05cac4584ca6"
        },
        {
          "type": "image",
          "assetId": "bn3q2cW_XxTMWm",
          "checksum": "cb732338473b088f27636a8bd80a21ef"
        },
        {
          "type": "image",
          "assetId": "EOZLlE8AU_QJdX",
          "checksum": "f3d7fd93e7b2c75aa7e93ce99025782a"
        },
        {
          "type": "image",
          "assetId": "5Yp6DQf_dqMI24",
          "checksum": "bc1c3b6b99016bbd09df02ded8ed1a7a"
        },
        {
          "type": "image",
          "assetId": "ReLua1HFnwwXgb",
          "checksum": "659e12f5a48d90343418080fecf0ce0c"
        },
        {
          "type": "image",
          "assetId": "IznZjYKj8NTrCK",
          "checksum": "4e9e1d4722d128ac51bba6c091e0e9a3"
        },
        {
          "type": "image",
          "assetId": "7qZv6enmLv8O6l",
          "checksum": "66dbb05c7a863ee6915cfe9744314eca"
        },
        {
          "type": "image",
          "assetId": "4AAct0R6WndBhA",
          "checksum": "f8ed824e055ff4e2a57fe418e018c92a"
        },
        {
          "type": "image",
          "assetId": "7dekj6uPJhhVaW",
          "checksum": "8c625d78520d21c90d6ae5c61de8de2e"
        },
        {
          "type": "image",
          "assetId": "FCjbJxVRWzFtzH",
          "checksum": "c078d14f67861e63882f37ad870d5d07"
        },
        {
          "type": "image",
          "assetId": "Pvw1qEEEn8X-I5",
          "checksum": "18adf66b6659056825d78c08f54e9399"
        },
        {
          "type": "image",
          "assetId": "uwoPNkA2BoCq6-",
          "checksum": "df30a245963feed1ba7c308745791c4a"
        },
        {
          "type": "image",
          "assetId": "qYuLqg76drB1j_",
          "checksum": "3819dc859b483543997e351a92e1c10e"
        },
        {
          "type": "image",
          "assetId": "9dEcO-87JXPAOH",
          "checksum": "f8b3313149873791e6f4377426d9baaf"
        },
        {
          "type": "image",
          "assetId": "0CwsuUw1lsQ58h",
          "checksum": "9fa434651abe7197811ede4346515aac"
        },
        {
          "type": "image",
          "assetId": "zEjj8rOX4EkVin",
          "checksum": "b880587d8f0743831db2d1e0b809ad74"
        },
        {
          "type": "image",
          "assetId": "d31bdcZs7KzuVR",
          "checksum": "f5f005a45826481418e643f27e31f5e6"
        },
        {
          "type": "image",
          "assetId": "yVip53tGExhbbO",
          "checksum": "d6b0c3b56bad80f43b45c0d4e79d3dbb"
        },
        {
          "type": "image",
          "assetId": "EWKzoWtm1a4L0b",
          "checksum": "68f27002555fa4dce7c7ea99c7cf4424"
        }
      ]
    }
  ],
  "cliVersion": "0.1.135"
}
